
Microsoft Visual Studio Solution File, Format Version 12.00
# Visual Studio Version 17
VisualStudioVersion = 17.10.35004.147
MinimumVisualStudioVersion = 10.0.40219.1
Project("{FAE04EC0-301F-11D3-BF4B-00C04F79EFBC}") = "IKCOProject.Domain", "IKCOProject.Domain\IKCOProject.Domain.csproj", "{4E223B1C-5BD7-474F-8BC6-00FC685EA33C}"
EndProject
Project("{FAE04EC0-301F-11D3-BF4B-00C04F79EFBC}") = "IKCOProject.Persistence", "IKCOProject.Persistence\IKCOProject.Persistence.csproj", "{E92B72F8-F358-46FF-A56B-36D175A2735D}"
EndProject
Project("{FAE04EC0-301F-11D3-BF4B-00C04F79EFBC}") = "IKCOProject.Application", "IKCOProject.Application\IKCOProject.Application.csproj", "{A9C50094-A4BE-40DF-8A86-9073D8D21F59}"
EndProject
Project("{FAE04EC0-301F-11D3-BF4B-00C04F79EFBC}") = "IKCOProject.Api", "IKCOProject.Api\IKCOProject.Api.csproj", "{933C4CB8-80AD-4849-BB03-2B452E28CC21}"
EndProject
Project("{FAE04EC0-301F-11D3-BF4B-00C04F79EFBC}") = "IKCOProject.Blazor", "IKCOProject.Blazor\IKCOProject.Blazor.csproj", "{90A7775B-B286-4236-940D-473B9ECC6B75}"
EndProject
Global
	GlobalSection(SolutionConfigurationPlatforms) = preSolution
		Debug|Any CPU = Debug|Any CPU
		Release|Any CPU = Release|Any CPU
	EndGlobalSection
	GlobalSection(ProjectConfigurationPlatforms) = postSolution
		{4E223B1C-5BD7-474F-8BC6-00FC685EA33C}.Debug|Any CPU.ActiveCfg = Debug|Any CPU
		{4E223B1C-5BD7-474F-8BC6-00FC685EA33C}.Debug|Any CPU.Build.0 = Debug|Any CPU
		{4E223B1C-5BD7-474F-8BC6-00FC685EA33C}.Release|Any CPU.ActiveCfg = Release|Any CPU
		{4E223B1C-5BD7-474F-8BC6-00FC685EA33C}.Release|Any CPU.Build.0 = Release|Any CPU
		{E92B72F8-F358-46FF-A56B-36D175A2735D}.Debug|Any CPU.ActiveCfg = Debug|Any CPU
		{E92B72F8-F358-46FF-A56B-36D175A2735D}.Debug|Any CPU.Build.0 = Debug|Any CPU
		{E92B72F8-F358-46FF-A56B-36D175A2735D}.Release|Any CPU.ActiveCfg = Release|Any CPU
		{E92B72F8-F358-46FF-A56B-36D175A2735D}.Release|Any CPU.Build.0 = Release|Any CPU
		{A9C50094-A4BE-40DF-8A86-9073D8D21F59}.Debug|Any CPU.ActiveCfg = Debug|Any CPU
		{A9C50094-A4BE-40DF-8A86-9073D8D21F59}.Debug|Any CPU.Build.0 = Debug|Any CPU
		{A9C50094-A4BE-40DF-8A86-9073D8D21F59}.Release|Any CPU.ActiveCfg = Release|Any CPU
		{A9C50094-A4BE-40DF-8A86-9073D8D21F59}.Release|Any CPU.Build.0 = Release|Any CPU
		{933C4CB8-80AD-4849-BB03-2B452E28CC21}.Debug|Any CPU.ActiveCfg = Debug|Any CPU
		{933C4CB8-80AD-4849-BB03-2B452E28CC21}.Debug|Any CPU.Build.0 = Debug|Any CPU
		{933C4CB8-80AD-4849-BB03-2B452E28CC21}.Release|Any CPU.ActiveCfg = Release|Any CPU
		{933C4CB8-80AD-4849-BB03-2B452E28CC21}.Release|Any CPU.Build.0 = Release|Any CPU
		{90A7775B-B286-4236-940D-473B9ECC6B75}.Debug|Any CPU.ActiveCfg = Debug|Any CPU
		{90A7775B-B286-4236-940D-473B9ECC6B75}.Debug|Any CPU.Build.0 = Debug|Any CPU
		{90A7775B-B286-4236-940D-473B9ECC6B75}.Release|Any CPU.ActiveCfg = Release|Any CPU
		{90A7775B-B286-4236-940D-473B9ECC6B75}.Release|Any CPU.Build.0 = Release|Any CPU
	EndGlobalSection
	GlobalSection(SolutionProperties) = preSolution
		HideSolutionNode = FALSE
	EndGlobalSection
	GlobalSection(ExtensibilityGlobals) = postSolution
		SolutionGuid = {74F27FE9-BFEA-4467-9D84-43C52D8D59E0}
	EndGlobalSection
EndGlobal
